
Microsoft Visual Studio Solution File, Format Version 12.00
# Visual Studio 2013
Project("{FAE04EC0-301F-11D3-BF4B-00C04F79EFBC}") = "effect.CSharp", "effect.CSharp.csproj", "{CE7127D8-D8EE-32EC-65D9-9FF9625B90E5}"
EndProject
Project("{FAE04EC0-301F-11D3-BF4B-00C04F79EFBC}") = "effect.CSharp.Editor", "effect.CSharp.Editor.csproj", "{24A2DA26-900C-74DB-FA21-4409FD278BFE}"
EndProject
Global
	GlobalSection(SolutionConfigurationPlatforms) = preSolution
		Debug|Any CPU = Debug|Any CPU
		Release|Any CPU = Release|Any CPU
	EndGlobalSection
	GlobalSection(ProjectConfigurationPlatforms) = postSolution
		{CE7127D8-D8EE-32EC-65D9-9FF9625B90E5}.Debug|Any CPU.ActiveCfg = Debug|Any CPU
		{CE7127D8-D8EE-32EC-65D9-9FF9625B90E5}.Debug|Any CPU.Build.0 = Debug|Any CPU
		{CE7127D8-D8EE-32EC-65D9-9FF9625B90E5}.Release|Any CPU.ActiveCfg = Release|Any CPU
		{CE7127D8-D8EE-32EC-65D9-9FF9625B90E5}.Release|Any CPU.Build.0 = Release|Any CPU
		{24A2DA26-900C-74DB-FA21-4409FD278BFE}.Debug|Any CPU.ActiveCfg = Debug|Any CPU
		{24A2DA26-900C-74DB-FA21-4409FD278BFE}.Debug|Any CPU.Build.0 = Debug|Any CPU
		{24A2DA26-900C-74DB-FA21-4409FD278BFE}.Release|Any CPU.ActiveCfg = Release|Any CPU
		{24A2DA26-900C-74DB-FA21-4409FD278BFE}.Release|Any CPU.Build.0 = Release|Any CPU
	EndGlobalSection
	GlobalSection(SolutionProperties) = preSolution
		HideSolutionNode = FALSE
	EndGlobalSection
EndGlobal
